
Microsoft Visual Studio Solution File, Format Version 12.00
# Visual Studio Version 16
VisualStudioVersion = 16.0.31410.357
MinimumVisualStudioVersion = 10.0.40219.1
Project("{FAE04EC0-301F-11D3-BF4B-00C04F79EFBC}") = "Loops - Challenge1", "Loops - Challenge1\Loops - Challenge1.csproj", "{31D43FC0-89FD-4B00-BB49-BD7BF16C4057}"
EndProject
Global
	GlobalSection(SolutionConfigurationPlatforms) = preSolution
		Debug|Any CPU = Debug|Any CPU
		Release|Any CPU = Release|Any CPU
	EndGlobalSection
	GlobalSection(ProjectConfigurationPlatforms) = postSolution
		{31D43FC0-89FD-4B00-BB49-BD7BF16C4057}.Debug|Any CPU.ActiveCfg = Debug|Any CPU
		{31D43FC0-89FD-4B00-BB49-BD7BF16C4057}.Debug|Any CPU.Build.0 = Debug|Any CPU
		{31D43FC0-89FD-4B00-BB49-BD7BF16C4057}.Release|Any CPU.ActiveCfg = Release|Any CPU
		{31D43FC0-89FD-4B00-BB49-BD7BF16C4057}.Release|Any CPU.Build.0 = Release|Any CPU
	EndGlobalSection
	GlobalSection(SolutionProperties) = preSolution
		HideSolutionNode = FALSE
	EndGlobalSection
	GlobalSection(ExtensibilityGlobals) = postSolution
		SolutionGuid = {B175C068-1B53-45EB-8F09-534132D89EE9}
	EndGlobalSection
EndGlobal
